#MicroXplorer Configuration settings - do not modify
ADC1.Channel-0\#ChannelRegularConversion=ADC_CHANNEL_9
ADC1.ClockPrescaler=ADC_CLOCK_ASYNC_DIV16
ADC1.IPParameters=Rank-0\#ChannelRegularConversion,master,Channel-0\#ChannelRegularConversion,SamplingTime-0\#ChannelRegularConversion,OffsetNumber-0\#ChannelRegularConversion,MonitoredBy-0\#ChannelRegularConversion,NbrOfConversionFlag,ClockPrescaler
ADC1.MonitoredBy-0\#ChannelRegularConversion=__NULL
ADC1.NbrOfConversionFlag=1
ADC1.OffsetNumber-0\#ChannelRegularConversion=ADC_OFFSET_NONE
ADC1.Rank-0\#ChannelRegularConversion=1
ADC1.SamplingTime-0\#ChannelRegularConversion=ADC_SAMPLETIME_2CYCLES_5
ADC1.master=1
BOOTPATH.BootPathName=LEGACY
BOOTPATH.IPParameters=BootPathName
BOOTPATH.UserSelectedBootPath=LEGACY
CAD.formats=[]
CAD.pinconfig=Dual
CAD.provider=
CORTEX_M33_NS.userName=CORTEX_M33
FDCAN1.CalculateBaudRateNominal=250000
FDCAN1.CalculateTimeBitNominal=4000
FDCAN1.CalculateTimeQuantumNominal=64.51612903225806
FDCAN1.ClockDivider=FDCAN_CLOCK_DIV4
FDCAN1.DataPrescaler=8
FDCAN1.DataSyncJumpWidth=15
FDCAN1.DataTimeSeg1=15
FDCAN1.DataTimeSeg2=15
FDCAN1.IPParameters=CalculateTimeQuantumNominal,CalculateTimeBitNominal,CalculateBaudRateNominal,NominalPrescaler,NominalTimeSeg1,NominalTimeSeg2,NominalSyncJumpWidth,DataSyncJumpWidth,DataTimeSeg1,StdFiltersNbr,DataPrescaler,DataTimeSeg2,Mode,ClockDivider
FDCAN1.Mode=FDCAN_MODE_NORMAL
FDCAN1.NominalPrescaler=4
FDCAN1.NominalSyncJumpWidth=2
FDCAN1.NominalTimeSeg1=59
FDCAN1.NominalTimeSeg2=2
FDCAN1.StdFiltersNbr=0
FDCAN2.CalculateBaudRateNominal=1000000
FDCAN2.CalculateTimeBitNominal=1000
FDCAN2.CalculateTimeQuantumNominal=16.129032258064516
FDCAN2.ClockDivider=FDCAN_CLOCK_DIV4
FDCAN2.DataPrescaler=2
FDCAN2.DataSyncJumpWidth=15
FDCAN2.DataTimeSeg1=15
FDCAN2.DataTimeSeg2=15
FDCAN2.IPParameters=CalculateTimeQuantumNominal,CalculateTimeBitNominal,CalculateBaudRateNominal,DataPrescaler,DataSyncJumpWidth,DataTimeSeg1,DataTimeSeg2,NominalPrescaler,NominalTimeSeg1,Mode,NominalSyncJumpWidth,NominalTimeSeg2,ClockDivider
FDCAN2.Mode=FDCAN_MODE_NORMAL
FDCAN2.NominalPrescaler=1
FDCAN2.NominalSyncJumpWidth=2
FDCAN2.NominalTimeSeg1=59
FDCAN2.NominalTimeSeg2=2
File.Version=6
GPDMA1.DATAHANDLING_GPDMACH2=NONE
GPDMA1.DESTDATAWIDTH_GPDMACH0=DMA_DEST_DATAWIDTH_WORD
GPDMA1.DESTDATAWIDTH_GPDMACH1=DMA_DEST_DATAWIDTH_WORD
GPDMA1.DESTINC_GPDMACH0=DMA_DINC_INCREMENTED
GPDMA1.DESTINC_GPDMACH2=DMA_DINC_INCREMENTED
GPDMA1.DESTINC_GPDMACH3=DMA_DINC_FIXED
GPDMA1.DIRECTION_GPDMACH1=DMA_MEMORY_TO_PERIPH
GPDMA1.DIRECTION_GPDMACH3=DMA_MEMORY_TO_PERIPH
GPDMA1.IPHANDLE_GPDMACH0-SIMPLEREQUEST_GPDMACH0=__NULL
GPDMA1.IPHANDLE_GPDMACH1-SIMPLEREQUEST_GPDMACH1=__NULL
GPDMA1.IPHANDLE_GPDMACH2-SIMPLEREQUEST_GPDMACH2=__NULL
GPDMA1.IPHANDLE_GPDMACH3-SIMPLEREQUEST_GPDMACH3=__NULL
GPDMA1.IPParameters=REQUEST_GPDMACH0,REQUEST_GPDMACH1,DIRECTION_GPDMACH1,SRCINC_GPDMACH0,SRCDATAWIDTH_GPDMACH0,DESTDATAWIDTH_GPDMACH0,TRANSFERALLOCATEDPORTDEST_GPDMACH0,DESTINC_GPDMACH0,SRCINC_GPDMACH1,SRCDATAWIDTH_GPDMACH1,DESTDATAWIDTH_GPDMACH1,TRANSFERALLOCATEDPORTDEST_GPDMACH1,TRANSFERALLOCATEDPORTSRC_GPDMACH1,IPHANDLE_GPDMACH1-SIMPLEREQUEST_GPDMACH1,IPHANDLE_GPDMACH0-SIMPLEREQUEST_GPDMACH0,IPHANDLE_GPDMACH2-SIMPLEREQUEST_GPDMACH2,REQUEST_GPDMACH2,IPHANDLE_GPDMACH3-SIMPLEREQUEST_GPDMACH3,REQUEST_GPDMACH3,TRIGGERPOLARITY_GPDMACH2,TRANSFERALLOCATEDPORTSRC_GPDMACH3,TRANSFERALLOCATEDPORTDEST_GPDMACH2,DATAHANDLING_GPDMACH2,SRCINC_GPDMACH3,DESTINC_GPDMACH3,DIRECTION_GPDMACH3,DESTINC_GPDMACH2
GPDMA1.REQUEST_GPDMACH0=GPDMA1_REQUEST_SPI1_RX
GPDMA1.REQUEST_GPDMACH1=GPDMA1_REQUEST_SPI1_TX
GPDMA1.REQUEST_GPDMACH2=GPDMA1_REQUEST_UART4_RX
GPDMA1.REQUEST_GPDMACH3=GPDMA1_REQUEST_UART4_TX
GPDMA1.SRCDATAWIDTH_GPDMACH0=DMA_SRC_DATAWIDTH_WORD
GPDMA1.SRCDATAWIDTH_GPDMACH1=DMA_SRC_DATAWIDTH_WORD
GPDMA1.SRCINC_GPDMACH0=DMA_SINC_FIXED
GPDMA1.SRCINC_GPDMACH1=DMA_SINC_INCREMENTED
GPDMA1.SRCINC_GPDMACH3=DMA_SINC_INCREMENTED
GPDMA1.TRANSFERALLOCATEDPORTDEST_GPDMACH0=DMA_DEST_ALLOCATED_PORT1
GPDMA1.TRANSFERALLOCATEDPORTDEST_GPDMACH1=DMA_DEST_ALLOCATED_PORT0
GPDMA1.TRANSFERALLOCATEDPORTDEST_GPDMACH2=DMA_DEST_ALLOCATED_PORT1
GPDMA1.TRANSFERALLOCATEDPORTSRC_GPDMACH1=DMA_SRC_ALLOCATED_PORT1
GPDMA1.TRANSFERALLOCATEDPORTSRC_GPDMACH3=DMA_SRC_ALLOCATED_PORT1
GPDMA1.TRIGGERPOLARITY_GPDMACH2=DMA_TRIG_POLARITY_MASKED
GPDMA2.DESTINC_GPDMACH0=DMA_DINC_INCREMENTED
GPDMA2.DESTINC_GPDMACH2=DMA_DINC_INCREMENTED
GPDMA2.DIRECTION_GPDMACH1=DMA_MEMORY_TO_PERIPH
GPDMA2.DIRECTION_GPDMACH3=DMA_MEMORY_TO_PERIPH
GPDMA2.IPHANDLE_GPDMACH0-SIMPLEREQUEST_GPDMACH0=__NULL
GPDMA2.IPHANDLE_GPDMACH1-SIMPLEREQUEST_GPDMACH1=__NULL
GPDMA2.IPHANDLE_GPDMACH2-SIMPLEREQUEST_GPDMACH2=__NULL
GPDMA2.IPHANDLE_GPDMACH3-SIMPLEREQUEST_GPDMACH3=__NULL
GPDMA2.IPParameters=IPHANDLE_GPDMACH0-SIMPLEREQUEST_GPDMACH0,REQUEST_GPDMACH0,TRANSFERALLOCATEDPORTDEST_GPDMACH0,IPHANDLE_GPDMACH1-SIMPLEREQUEST_GPDMACH1,REQUEST_GPDMACH1,DIRECTION_GPDMACH1,TRANSFERALLOCATEDPORTSRC_GPDMACH1,IPHANDLE_GPDMACH2-SIMPLEREQUEST_GPDMACH2,REQUEST_GPDMACH2,TRANSFERALLOCATEDPORTDEST_GPDMACH2,IPHANDLE_GPDMACH3-SIMPLEREQUEST_GPDMACH3,REQUEST_GPDMACH3,DIRECTION_GPDMACH3,TRANSFERALLOCATEDPORTSRC_GPDMACH3,DESTINC_GPDMACH0,SRCINC_GPDMACH1,DESTINC_GPDMACH2,SRCINC_GPDMACH3
GPDMA2.REQUEST_GPDMACH0=GPDMA2_REQUEST_USART1_RX
GPDMA2.REQUEST_GPDMACH1=GPDMA2_REQUEST_USART1_TX
GPDMA2.REQUEST_GPDMACH2=GPDMA2_REQUEST_USART3_RX
GPDMA2.REQUEST_GPDMACH3=GPDMA2_REQUEST_USART3_TX
GPDMA2.SRCINC_GPDMACH1=DMA_SINC_INCREMENTED
GPDMA2.SRCINC_GPDMACH3=DMA_SINC_INCREMENTED
GPDMA2.TRANSFERALLOCATEDPORTDEST_GPDMACH0=DMA_DEST_ALLOCATED_PORT1
GPDMA2.TRANSFERALLOCATEDPORTDEST_GPDMACH2=DMA_DEST_ALLOCATED_PORT1
GPDMA2.TRANSFERALLOCATEDPORTSRC_GPDMACH1=DMA_SRC_ALLOCATED_PORT1
GPDMA2.TRANSFERALLOCATEDPORTSRC_GPDMACH3=DMA_SRC_ALLOCATED_PORT1
GPIO.groupedBy=Group By Peripherals
KeepUserPlacement=false
MMTAppReg1.MEMORYMAP.AP=RW_priv_only
MMTAppReg1.MEMORYMAP.AppRegionName=RAM
MMTAppReg1.MEMORYMAP.ContextName=CortexM33
MMTAppReg1.MEMORYMAP.CoreName=ARM Cortex-M33
MMTAppReg1.MEMORYMAP.DefaultDataRegion=true
MMTAppReg1.MEMORYMAP.IPParameters=StartAddress,Size,CoreName,DefaultDataRegion,ContextName,Name,AP
MMTAppReg1.MEMORYMAP.Name=RAM
MMTAppReg1.MEMORYMAP.Size=655360
MMTAppReg1.MEMORYMAP.StartAddress=0x20000000
MMTAppReg2.MEMORYMAP.AppRegionName=RAM Reserved Alias Region
MMTAppReg2.MEMORYMAP.CoreName=ARM Cortex-M33
MMTAppReg2.MEMORYMAP.DefaultDataRegion=false
MMTAppReg2.MEMORYMAP.IPParameters=StartAddress,Size,CoreName,DefaultDataRegion,ReservedRegion,Name
MMTAppReg2.MEMORYMAP.Name=RAM Reserved Alias Region
MMTAppReg2.MEMORYMAP.ReservedRegion=true
MMTAppReg2.MEMORYMAP.Size=655360
MMTAppReg2.MEMORYMAP.StartAddress=0x0A000000
MMTAppReg3.MEMORYMAP.AP=RO_priv_only
MMTAppReg3.MEMORYMAP.AppRegionName=FLASH
MMTAppReg3.MEMORYMAP.Cacheability=WTRA
MMTAppReg3.MEMORYMAP.ContextName=CortexM33
MMTAppReg3.MEMORYMAP.CoreName=ARM Cortex-M33
MMTAppReg3.MEMORYMAP.DefaultCodeRegion=true
MMTAppReg3.MEMORYMAP.DefaultDataRegion=false
MMTAppReg3.MEMORYMAP.IPParameters=StartAddress,Size,CoreName,DefaultDataRegion,MemType,ContextName,Name,AP,Cacheability,DefaultCodeRegion,ISRRegion
MMTAppReg3.MEMORYMAP.ISRRegion=true
MMTAppReg3.MEMORYMAP.MemType=ROM
MMTAppReg3.MEMORYMAP.Name=FLASH
MMTAppReg3.MEMORYMAP.Size=2097152
MMTAppReg3.MEMORYMAP.StartAddress=0x08000000
MMTAppRegionsCount=3
MMTConfigApplied=false
Mcu.CPN=STM32H573RIT6
Mcu.ContextProject=TrustZoneDisabled
Mcu.Family=STM32H5
Mcu.IP0=ADC1
Mcu.IP1=BOOTPATH
Mcu.IP10=NVIC
Mcu.IP11=PWR
Mcu.IP12=RCC
Mcu.IP13=SPI1
Mcu.IP14=SYS
Mcu.IP15=THREADX
Mcu.IP16=TIM2
Mcu.IP17=UART4
Mcu.IP18=USART1
Mcu.IP19=USART3
Mcu.IP2=CORTEX_M33_NS
Mcu.IP3=DEBUG
Mcu.IP4=FDCAN1
Mcu.IP5=FDCAN2
Mcu.IP6=GPDMA1
Mcu.IP7=GPDMA2
Mcu.IP8=ICACHE
Mcu.IP9=MEMORYMAP
Mcu.IPNb=20
Mcu.Name=STM32H573RITx
Mcu.Package=LQFP64
Mcu.Pin0=PC15-OSC32_OUT(OSC32_OUT)
Mcu.Pin1=PC0
Mcu.Pin10=PA5
Mcu.Pin11=PA6
Mcu.Pin12=PA7
Mcu.Pin13=PC4
Mcu.Pin14=PC5
Mcu.Pin15=PB0
Mcu.Pin16=PB2
Mcu.Pin17=PB10
Mcu.Pin18=PB12
Mcu.Pin19=PB13
Mcu.Pin2=PC1
Mcu.Pin20=PB14
Mcu.Pin21=PB15
Mcu.Pin22=PA9
Mcu.Pin23=PA10
Mcu.Pin24=PA11
Mcu.Pin25=PA12
Mcu.Pin26=PA13(JTMS/SWDIO)
Mcu.Pin27=PA14(JTCK/SWCLK)
Mcu.Pin28=PD2
Mcu.Pin29=PB3(JTDO/TRACESWO)
Mcu.Pin3=PC2
Mcu.Pin30=PB4(NJTRST)
Mcu.Pin31=PB5
Mcu.Pin32=PB6
Mcu.Pin33=PB7
Mcu.Pin34=PB8
Mcu.Pin35=VP_CORTEX_M33_NS_VS_Hclk
Mcu.Pin36=VP_GPDMA1_VS_GPDMACH0
Mcu.Pin37=VP_GPDMA1_VS_GPDMACH1
Mcu.Pin38=VP_GPDMA1_VS_GPDMACH2
Mcu.Pin39=VP_GPDMA1_VS_GPDMACH3
Mcu.Pin4=PC3
Mcu.Pin40=VP_GPDMA2_VS_GPDMACH0
Mcu.Pin41=VP_GPDMA2_VS_GPDMACH1
Mcu.Pin42=VP_GPDMA2_VS_GPDMACH2
Mcu.Pin43=VP_GPDMA2_VS_GPDMACH3
Mcu.Pin44=VP_ICACHE_VS_ICACHE
Mcu.Pin45=VP_PWR_VS_SECSignals
Mcu.Pin46=VP_PWR_VS_LPOM
Mcu.Pin47=VP_PWR_VS_DBSignals
Mcu.Pin48=VP_SYS_VS_tim1
Mcu.Pin49=VP_THREADX_VS_RTOSJjThreadXJjCoreJjDefault
Mcu.Pin5=PA0
Mcu.Pin50=VP_THREADX_VS_RTOSJjThreadXJjPerformance_InfoJjDefault
Mcu.Pin51=VP_THREADX_VS_RTOSJjThreadXJjTraceX_SupportJjDefault
Mcu.Pin52=VP_BOOTPATH_VS_BOOTPATH
Mcu.Pin53=VP_MEMORYMAP_VS_MEMORYMAP
Mcu.Pin6=PA1
Mcu.Pin7=PA2
Mcu.Pin8=PA3
Mcu.Pin9=PA4
Mcu.PinsNb=54
Mcu.ThirdPartyNb=0
Mcu.UserConstants=
Mcu.UserName=STM32H573RITx
MxCube.Version=6.15.0
MxDb.Version=DB.6.0.150
NVIC.ADC1_IRQn=true\:0\:0\:false\:false\:true\:false\:true\:true\:true
NVIC.BusFault_IRQn=true\:0\:0\:false\:false\:true\:false\:false\:false\:false
NVIC.DebugMonitor_IRQn=true\:0\:0\:false\:false\:true\:false\:false\:false\:false
NVIC.FDCAN2_IT0_IRQn=true\:0\:0\:false\:false\:true\:false\:true\:true\:true
NVIC.FDCAN2_IT1_IRQn=true\:0\:0\:false\:false\:true\:false\:true\:true\:true
NVIC.ForceEnableDMAVector=true
NVIC.GPDMA1_Channel0_IRQn=true\:0\:0\:false\:false\:true\:false\:true\:true\:true
NVIC.GPDMA1_Channel1_IRQn=true\:0\:0\:false\:false\:true\:false\:true\:true\:true
NVIC.GPDMA1_Channel2_IRQn=true\:0\:0\:false\:false\:true\:false\:false\:true\:true
NVIC.GPDMA1_Channel3_IRQn=true\:0\:0\:false\:false\:true\:false\:false\:true\:true
NVIC.GPDMA2_Channel0_IRQn=true\:0\:0\:false\:false\:true\:true\:false\:true\:true
NVIC.GPDMA2_Channel1_IRQn=true\:0\:0\:false\:false\:true\:true\:false\:true\:true
NVIC.GPDMA2_Channel2_IRQn=true\:0\:0\:false\:false\:true\:true\:false\:true\:true
NVIC.GPDMA2_Channel3_IRQn=true\:0\:0\:false\:false\:true\:true\:false\:true\:true
NVIC.HardFault_IRQn=true\:0\:0\:false\:false\:true\:false\:false\:false\:false
NVIC.MemoryManagement_IRQn=true\:0\:0\:false\:false\:true\:false\:false\:false\:false
NVIC.NonMaskableInt_IRQn=true\:0\:0\:false\:false\:true\:false\:false\:false\:false
NVIC.PendSV_IRQn=true\:0\:0\:false\:false\:false\:false\:false\:false\:false
NVIC.PriorityGroup=NVIC_PRIORITYGROUP_4
NVIC.SPI1_IRQn=true\:0\:0\:false\:false\:true\:false\:true\:true\:true
NVIC.SVCall_IRQn=true\:0\:0\:false\:false\:false\:false\:false\:false\:false
NVIC.SavedPendsvIrqHandlerGenerated=true
NVIC.SavedSvcallIrqHandlerGenerated=true
NVIC.SavedSystickIrqHandlerGenerated=true
NVIC.SysTick_IRQn=true\:14\:0\:false\:false\:false\:false\:false\:true\:false
NVIC.TIM1_UP_IRQn=true\:15\:0\:false\:false\:true\:false\:false\:true\:true
NVIC.TimeBase=TIM1_UP_IRQn
NVIC.TimeBaseIP=TIM1
NVIC.UART4_IRQn=true\:0\:0\:false\:false\:true\:false\:true\:true\:true
NVIC.USART1_IRQn=true\:0\:0\:false\:false\:true\:false\:true\:true\:true
NVIC.USART3_IRQn=true\:0\:0\:false\:false\:true\:false\:true\:true\:true
NVIC.UsageFault_IRQn=true\:0\:0\:false\:false\:true\:false\:false\:false\:false
PA0.GPIOParameters=GPIO_Label
PA0.GPIO_Label=FAN1_CTRL
PA0.Locked=true
PA0.Signal=S_TIM2_CH1
PA1.GPIOParameters=GPIO_Label
PA1.GPIO_Label=FAN2_CTRL
PA1.Locked=true
PA1.Signal=S_TIM2_CH2
PA10.GPIOParameters=GPIO_Label
PA10.GPIO_Label=UART_USB_RX
PA10.Locked=true
PA10.Mode=Asynchronous
PA10.Signal=USART1_RX
PA11.GPIOParameters=GPIO_Label
PA11.GPIO_Label=UART_DEBUG_RX
PA11.Locked=true
PA11.Mode=Asynchronous
PA11.Signal=UART4_RX
PA12.GPIOParameters=GPIO_Label
PA12.GPIO_Label=UART_DEBUG_TX
PA12.Locked=true
PA12.Mode=Asynchronous
PA12.Signal=UART4_TX
PA13(JTMS/SWDIO).Mode=Serial_Wire
PA13(JTMS/SWDIO).Signal=DEBUG_JTMS-SWDIO
PA14(JTCK/SWCLK).Mode=Serial_Wire
PA14(JTCK/SWCLK).Signal=DEBUG_JTCK-SWCLK
PA2.GPIOParameters=GPIO_Label
PA2.GPIO_Label=FAN3_CTRL
PA2.Locked=true
PA2.Signal=S_TIM2_CH3
PA3.GPIOParameters=GPIO_Label
PA3.GPIO_Label=FAN4_CTRL
PA3.Locked=true
PA3.Signal=S_TIM2_CH4
PA4.GPIOParameters=GPIO_Label
PA4.GPIO_Label=ADC_NSS
PA4.Mode=NSS_Signal_Hard_Output
PA4.Signal=SPI1_NSS
PA5.GPIOParameters=GPIO_Label
PA5.GPIO_Label=ADC_SCK
PA5.Mode=Full_Duplex_Master
PA5.Signal=SPI1_SCK
PA6.GPIOParameters=GPIO_Label
PA6.GPIO_Label=ADC_MISO
PA6.Mode=Full_Duplex_Master
PA6.Signal=SPI1_MISO
PA7.GPIOParameters=GPIO_Label
PA7.GPIO_Label=ADC_MOSI
PA7.Mode=Full_Duplex_Master
PA7.Signal=SPI1_MOSI
PA9.GPIOParameters=GPIO_Label
PA9.GPIO_Label=UART_USB_TX
PA9.Locked=true
PA9.Mode=Asynchronous
PA9.Signal=USART1_TX
PB0.Locked=true
PB0.Signal=ADCx_INP9
PB10.GPIOParameters=GPIO_Label
PB10.GPIO_Label=UART_COM_TX
PB10.Mode=Asynchronous
PB10.Signal=USART3_TX
PB12.GPIOParameters=GPIO_Label
PB12.GPIO_Label=SIG_AIR_PRE
PB12.Locked=true
PB12.Signal=GPIO_Output
PB13.GPIOParameters=GPIO_Label
PB13.GPIO_Label=SIG_AIR_P
PB13.Locked=true
PB13.Signal=GPIO_Output
PB14.GPIOParameters=GPIO_Label
PB14.GPIO_Label=SIG_AIR_M
PB14.Locked=true
PB14.Signal=GPIO_Output
PB15.GPIOParameters=GPIO_Label
PB15.GPIO_Label=NFLT
PB15.Locked=true
PB15.Signal=GPIO_Input
PB2.GPIOParameters=GPIO_Label
PB2.GPIO_Label=SIG_AMS_ERROR
PB2.Locked=true
PB2.Signal=GPIO_Output
PB3(JTDO/TRACESWO).GPIOParameters=GPIO_Label
PB3(JTDO/TRACESWO).GPIO_Label=LED_WARNING
PB3(JTDO/TRACESWO).Locked=true
PB3(JTDO/TRACESWO).Signal=GPIO_Output
PB4(NJTRST).GPIOParameters=GPIO_Label
PB4(NJTRST).GPIO_Label=LED_OK
PB4(NJTRST).Locked=true
PB4(NJTRST).Signal=GPIO_Output
PB5.GPIOParameters=GPIO_Speed
PB5.GPIO_Speed=GPIO_SPEED_FREQ_LOW
PB5.Locked=true
PB5.Mode=FDCAN_Activate
PB5.Signal=FDCAN2_RX
PB6.GPIOParameters=GPIO_Speed
PB6.GPIO_Speed=GPIO_SPEED_FREQ_LOW
PB6.Locked=true
PB6.Mode=FDCAN_Activate
PB6.Signal=FDCAN2_TX
PB7.Locked=true
PB7.Mode=FDCAN_Activate
PB7.Signal=FDCAN1_TX
PB8.Locked=true
PB8.Mode=FDCAN_Activate
PB8.Signal=FDCAN1_RX
PC0.GPIOParameters=GPIO_PuPd,GPIO_Label
PC0.GPIO_Label=DET_AIR_PRE
PC0.GPIO_PuPd=GPIO_PULLUP
PC0.Locked=true
PC0.Signal=GPIO_Input
PC1.GPIOParameters=GPIO_PuPd,GPIO_Label
PC1.GPIO_Label=DET_TSMS
PC1.GPIO_PuPd=GPIO_PULLUP
PC1.Locked=true
PC1.Signal=GPIO_Input
PC15-OSC32_OUT(OSC32_OUT).GPIOParameters=GPIO_PuPd,GPIO_Label
PC15-OSC32_OUT(OSC32_OUT).GPIO_Label=DET_AIR_P
PC15-OSC32_OUT(OSC32_OUT).GPIO_PuPd=GPIO_PULLUP
PC15-OSC32_OUT(OSC32_OUT).Locked=true
PC15-OSC32_OUT(OSC32_OUT).Signal=GPIO_Input
PC2.GPIOParameters=GPIO_PuPd,GPIO_Label
PC2.GPIO_Label=DET_AIR_M
PC2.GPIO_PuPd=GPIO_PULLUP
PC2.Locked=true
PC2.Signal=GPIO_Input
PC3.GPIOParameters=GPIO_PuPd,GPIO_Label
PC3.GPIO_Label=DET_CHARGER
PC3.GPIO_PuPd=GPIO_PULLUP
PC3.Locked=true
PC3.Signal=GPIO_Input
PC4.GPIOParameters=GPIO_Label
PC4.GPIO_Label=UART_COM_RX
PC4.Mode=Asynchronous
PC4.Signal=USART3_RX
PC5.GPIOParameters=GPIO_Label
PC5.GPIO_Label=NADC_DRY
PC5.Locked=true
PC5.Signal=GPXTI5
PD2.GPIOParameters=GPIO_Label
PD2.GPIO_Label=LED_ERROR
PD2.Locked=true
PD2.Signal=GPIO_Output
PinOutPanel.RotationAngle=0
ProjectManager.AskForMigrate=true
ProjectManager.BackupPrevious=false
ProjectManager.CompilerLinker=GCC
ProjectManager.CompilerOptimize=6
ProjectManager.ComputerToolchain=false
ProjectManager.CoupleFile=true
ProjectManager.CustomerFirmwarePackage=
ProjectManager.DefaultFWLocation=true
ProjectManager.DeletePrevious=true
ProjectManager.DeviceId=STM32H573RITx
ProjectManager.FirmwarePackage=STM32Cube FW_H5 V1.5.0
ProjectManager.FreePins=true
ProjectManager.HalAssertFull=false
ProjectManager.HeapSize=0x2000
ProjectManager.KeepUserCode=true
ProjectManager.LastFirmware=true
ProjectManager.LibraryCopy=1
ProjectManager.MainLocation=Core/Src
ProjectManager.MultiThreaded=true
ProjectManager.NoMain=false
ProjectManager.PreviousToolchain=
ProjectManager.ProjectBuild=false
ProjectManager.ProjectFileName=PUTM_EV_AMS_MASTER_2025.ioc
ProjectManager.ProjectName=PUTM_EV_AMS_MASTER_2025
ProjectManager.ProjectStructure=
ProjectManager.RegisterCallBack=SPI,UART,USART
ProjectManager.StackSize=0x2000
ProjectManager.TargetToolchain=CMake
ProjectManager.ThreadSafeStrategy=CortexM33\:Default,
ProjectManager.ToolChainLocation=
ProjectManager.UAScriptAfterPath=
ProjectManager.UAScriptBeforePath=
ProjectManager.UnderRoot=false
ProjectManager.functionlistsort=1-SystemClock_Config-RCC-false-HAL-false,2-MX_GPIO_Init-GPIO-false-HAL-true,3-MX_GPDMA1_Init-GPDMA1-false-HAL-true,4-MX_GPDMA2_Init-GPDMA2-false-HAL-true,5-MX_FDCAN1_Init-FDCAN1-false-HAL-true,6-MX_FDCAN2_Init-FDCAN2-false-HAL-true,7-MX_SPI1_Init-SPI1-false-HAL-true,8-MX_USART1_UART_Init-USART1-false-HAL-true,9-MX_ICACHE_Init-ICACHE-false-HAL-true,10-MX_TIM2_Init-TIM2-false-HAL-true,11-MX_UART4_Init-UART4-false-HAL-true,12-MX_ADC1_Init-ADC1-false-HAL-true,13-MX_USART3_UART_Init-USART3-false-HAL-true,0-MX_CORTEX_M33_NS_Init-CORTEX_M33_NS-false-HAL-true,0-MX_PWR_Init-PWR-false-HAL-true
RCC.ADCCLockSelection=RCC_ADCDACCLKSOURCE_HSI
RCC.ADCFreq_Value=32000000
RCC.AHBFreq_Value=248000000
RCC.APB1Freq_Value=248000000
RCC.APB1TimFreq_Value=248000000
RCC.APB2Freq_Value=248000000
RCC.APB2TimFreq_Value=248000000
RCC.APB3Freq_Value=248000000
RCC.CECFreq_Value=32000
RCC.CKPERFreq_Value=32000000
RCC.CRSFreq_Value=48000000
RCC.CSI_VALUE=4000000
RCC.CortexFreq_Value=248000000
RCC.DACFreq_Value=32768
RCC.EPOD_VALUE=32000000
RCC.ETHFreq_Value=248000000
RCC.FCLKCortexFreq_Value=248000000
RCC.FDCANClockSelection=RCC_FDCANCLKSOURCE_PLL1Q
RCC.FDCANFreq_Value=248000000
RCC.FamilyName=M
RCC.HCLKFreq_Value=248000000
RCC.HSE_VALUE=50000000
RCC.HSI48_VALUE=48000000
RCC.HSI_VALUE=64000000
RCC.I2C1Freq_Value=248000000
RCC.I2C2Freq_Value=248000000
RCC.I2C3Freq_Value=248000000
RCC.I2C4Freq_Value=248000000
RCC.I3C1Freq_Value=248000000
RCC.IPParameters=ADCCLockSelection,ADCFreq_Value,AHBFreq_Value,APB1Freq_Value,APB1TimFreq_Value,APB2Freq_Value,APB2TimFreq_Value,APB3Freq_Value,CECFreq_Value,CKPERFreq_Value,CRSFreq_Value,CSI_VALUE,CortexFreq_Value,DACFreq_Value,EPOD_VALUE,ETHFreq_Value,FCLKCortexFreq_Value,FDCANClockSelection,FDCANFreq_Value,FamilyName,HCLKFreq_Value,HSE_VALUE,HSI48_VALUE,HSI_VALUE,I2C1Freq_Value,I2C2Freq_Value,I2C3Freq_Value,I2C4Freq_Value,I3C1Freq_Value,LPTIM1Freq_Value,LPTIM2Freq_Value,LPTIM3Freq_Value,LPTIM4Freq_Value,LPTIM5Freq_Value,LPTIM6Freq_Value,LPUART1Freq_Value,LSCOPinFreq_Value,LSE_VALUE,LSIRC_VALUE,MCO1PinFreq_Value,MCO2PinFreq_Value,OCTOSPIMFreq_Value,PLL2FRACN,PLL2M,PLL2N,PLL2P,PLL2PoutputFreq_Value,PLL2QoutputFreq_Value,PLL2RoutputFreq_Value,PLL2Source,PLL3FRACN,PLL3M,PLL3N,PLL3PoutputFreq_Value,PLL3Q,PLL3QoutputFreq_Value,PLL3RoutputFreq_Value,PLL3Source,PLLFRACN,PLLM,PLLN,PLLPoutputFreq_Value,PLLQoutputFreq_Value,PLLSourceVirtual,PWRFreq_Value,RNGFreq_Value,SAI1Freq_Value,SAI2Freq_Value,SDMMC1Freq_Value,SPI1CLockSelection,SPI1Freq_Value,SPI2Freq_Value,SPI3CLockSelection,SPI3Freq_Value,SPI6Freq_Value,SYSCLKFreq_VALUE,SYSCLKSource,UART4Freq_Value,UART5Freq_Value,UART7Freq_Value,UCPD1outputFreq_Value,USART11Freq_Value,USART1Freq_Value,USART2Freq_Value,USART3Freq_Value,USART6Freq_Value,USBFreq_Value,VCOInput2Freq_Value,VCOInput3Freq_Value,VCOInputFreq_Value,VCOOutputFreq_Value,VCOPLL2OutputFreq_Value,VCOPLL3OutputFreq_Value
RCC.LPTIM1Freq_Value=248000000
RCC.LPTIM2Freq_Value=248000000
RCC.LPTIM3Freq_Value=248000000
RCC.LPTIM4Freq_Value=248000000
RCC.LPTIM5Freq_Value=248000000
RCC.LPTIM6Freq_Value=248000000
RCC.LPUART1Freq_Value=248000000
RCC.LSCOPinFreq_Value=32000
RCC.LSE_VALUE=32768
RCC.LSIRC_VALUE=32000
RCC.MCO1PinFreq_Value=32000000
RCC.MCO2PinFreq_Value=248000000
RCC.OCTOSPIMFreq_Value=248000000
RCC.PLL2FRACN=0
RCC.PLL2M=2
RCC.PLL2N=24
RCC.PLL2P=64
RCC.PLL2PoutputFreq_Value=6000000
RCC.PLL2QoutputFreq_Value=192000000
RCC.PLL2RoutputFreq_Value=192000000
RCC.PLL2Source=RCC_PLL2_SOURCE_HSI
RCC.PLL3FRACN=0
RCC.PLL3M=2
RCC.PLL3N=24
RCC.PLL3PoutputFreq_Value=192000000
RCC.PLL3Q=8
RCC.PLL3QoutputFreq_Value=48000000
RCC.PLL3RoutputFreq_Value=192000000
RCC.PLL3Source=RCC_PLL3_SOURCE_HSI
RCC.PLLFRACN=0
RCC.PLLM=2
RCC.PLLN=31
RCC.PLLPoutputFreq_Value=248000000
RCC.PLLQoutputFreq_Value=248000000
RCC.PLLSourceVirtual=RCC_PLL1_SOURCE_HSI
RCC.PWRFreq_Value=248000000
RCC.RNGFreq_Value=48000000
RCC.SAI1Freq_Value=6000000
RCC.SAI2Freq_Value=6000000
RCC.SDMMC1Freq_Value=248000000
RCC.SPI1CLockSelection=RCC_SPI1CLKSOURCE_PLL2P
RCC.SPI1Freq_Value=6000000
RCC.SPI2Freq_Value=248000000
RCC.SPI3CLockSelection=RCC_SPI3CLKSOURCE_PLL2P
RCC.SPI3Freq_Value=6000000
RCC.SPI6Freq_Value=248000000
RCC.SYSCLKFreq_VALUE=248000000
RCC.SYSCLKSource=RCC_SYSCLKSOURCE_PLLCLK
RCC.UART4Freq_Value=248000000
RCC.UART5Freq_Value=248000000
RCC.UART7Freq_Value=248000000
RCC.UCPD1outputFreq_Value=8000000
RCC.USART11Freq_Value=248000000
RCC.USART1Freq_Value=248000000
RCC.USART2Freq_Value=248000000
RCC.USART3Freq_Value=248000000
RCC.USART6Freq_Value=248000000
RCC.USBFreq_Value=48000000
RCC.VCOInput2Freq_Value=16000000
RCC.VCOInput3Freq_Value=16000000
RCC.VCOInputFreq_Value=16000000
RCC.VCOOutputFreq_Value=496000000
RCC.VCOPLL2OutputFreq_Value=384000000
RCC.VCOPLL3OutputFreq_Value=384000000
SH.ADCx_INP9.0=ADC1_INP9,IN9-Single-Ended
SH.ADCx_INP9.ConfNb=1
SH.GPXTI5.0=GPIO_EXTI5
SH.GPXTI5.ConfNb=1
SH.S_TIM2_CH1.0=TIM2_CH1,PWM Generation1 CH1
SH.S_TIM2_CH1.ConfNb=1
SH.S_TIM2_CH2.0=TIM2_CH2,PWM Generation2 CH2
SH.S_TIM2_CH2.ConfNb=1
SH.S_TIM2_CH3.0=TIM2_CH3,PWM Generation3 CH3
SH.S_TIM2_CH3.ConfNb=1
SH.S_TIM2_CH4.0=TIM2_CH4,PWM Generation4 CH4
SH.S_TIM2_CH4.ConfNb=1
SPI1.BaudRatePrescaler=SPI_BAUDRATEPRESCALER_8
SPI1.CLKPhase=SPI_PHASE_2EDGE
SPI1.CalculateBaudRate=750.0 KBits/s
SPI1.DataSize=SPI_DATASIZE_24BIT
SPI1.Direction=SPI_DIRECTION_2LINES
SPI1.IPParameters=VirtualType,Mode,Direction,CalculateBaudRate,VirtualNSS,BaudRatePrescaler,DataSize,TIMode,MasterSSIdleness,CLKPhase
SPI1.MasterSSIdleness=SPI_MASTER_SS_IDLENESS_04CYCLE
SPI1.Mode=SPI_MODE_MASTER
SPI1.TIMode=SPI_TIMODE_DISABLE
SPI1.VirtualNSS=VM_NSSHARD
SPI1.VirtualType=VM_MASTER
THREADX.IPParameters=TX_TIMER_TICKS_PER_SECOND,TX_MINIMUM_STACK,TX_ENABLE_STACK_CHECKING
THREADX.TX_ENABLE_STACK_CHECKING=1
THREADX.TX_MINIMUM_STACK=1024
THREADX.TX_TIMER_TICKS_PER_SECOND=1000
TIM2.Channel-PWM\ Generation1\ CH1=TIM_CHANNEL_1
TIM2.Channel-PWM\ Generation2\ CH2=TIM_CHANNEL_2
TIM2.Channel-PWM\ Generation3\ CH3=TIM_CHANNEL_3
TIM2.Channel-PWM\ Generation4\ CH4=TIM_CHANNEL_4
TIM2.IPParameters=Prescaler,PeriodNoDither,Channel-PWM Generation1 CH1,Channel-PWM Generation2 CH2,Channel-PWM Generation3 CH3,Channel-PWM Generation4 CH4,OCMode_PWM-PWM Generation4 CH4,OCMode_PWM-PWM Generation3 CH3,OCMode_PWM-PWM Generation2 CH2,OCMode_PWM-PWM Generation1 CH1
TIM2.OCMode_PWM-PWM\ Generation1\ CH1=TIM_OCMODE_PWM1
TIM2.OCMode_PWM-PWM\ Generation2\ CH2=TIM_OCMODE_PWM1
TIM2.OCMode_PWM-PWM\ Generation3\ CH3=TIM_OCMODE_PWM1
TIM2.OCMode_PWM-PWM\ Generation4\ CH4=TIM_OCMODE_PWM1
TIM2.PeriodNoDither=1000 - 1
TIM2.Prescaler=250
UART4.BaudRate=1000000
UART4.ClockPrescaler=PRESCALER_DIV8
UART4.IPParameters=BaudRate,ClockPrescaler
USART1.BaudRate=1000000
USART1.IPParameters=VirtualMode-Asynchronous,BaudRate
USART1.VirtualMode-Asynchronous=VM_ASYNC
USART3.BaudRate=1000000
USART3.ClockPrescaler=PRESCALER_DIV8
USART3.FIFOMode=FIFOMODE_DISABLE
USART3.IPParameters=VirtualMode-Asynchronous,ClockPrescaler,FIFOMode,BaudRate
USART3.VirtualMode-Asynchronous=VM_ASYNC
VP_BOOTPATH_VS_BOOTPATH.Mode=BP_Activate
VP_BOOTPATH_VS_BOOTPATH.Signal=BOOTPATH_VS_BOOTPATH
VP_CORTEX_M33_NS_VS_Hclk.Mode=Hclk_Mode
VP_CORTEX_M33_NS_VS_Hclk.Signal=CORTEX_M33_NS_VS_Hclk
VP_GPDMA1_VS_GPDMACH0.Mode=SIMPLEREQUEST_GPDMACH0
VP_GPDMA1_VS_GPDMACH0.Signal=GPDMA1_VS_GPDMACH0
VP_GPDMA1_VS_GPDMACH1.Mode=SIMPLEREQUEST_GPDMACH1
VP_GPDMA1_VS_GPDMACH1.Signal=GPDMA1_VS_GPDMACH1
VP_GPDMA1_VS_GPDMACH2.Mode=SIMPLEREQUEST_GPDMACH2
VP_GPDMA1_VS_GPDMACH2.Signal=GPDMA1_VS_GPDMACH2
VP_GPDMA1_VS_GPDMACH3.Mode=SIMPLEREQUEST_GPDMACH3
VP_GPDMA1_VS_GPDMACH3.Signal=GPDMA1_VS_GPDMACH3
VP_GPDMA2_VS_GPDMACH0.Mode=SIMPLEREQUEST_GPDMACH0
VP_GPDMA2_VS_GPDMACH0.Signal=GPDMA2_VS_GPDMACH0
VP_GPDMA2_VS_GPDMACH1.Mode=SIMPLEREQUEST_GPDMACH1
VP_GPDMA2_VS_GPDMACH1.Signal=GPDMA2_VS_GPDMACH1
VP_GPDMA2_VS_GPDMACH2.Mode=SIMPLEREQUEST_GPDMACH2
VP_GPDMA2_VS_GPDMACH2.Signal=GPDMA2_VS_GPDMACH2
VP_GPDMA2_VS_GPDMACH3.Mode=SIMPLEREQUEST_GPDMACH3
VP_GPDMA2_VS_GPDMACH3.Signal=GPDMA2_VS_GPDMACH3
VP_ICACHE_VS_ICACHE.Mode=DefaultMode
VP_ICACHE_VS_ICACHE.Signal=ICACHE_VS_ICACHE
VP_MEMORYMAP_VS_MEMORYMAP.Mode=CurAppReg
VP_MEMORYMAP_VS_MEMORYMAP.Signal=MEMORYMAP_VS_MEMORYMAP
VP_PWR_VS_DBSignals.Mode=DisableDeadBatterySignals
VP_PWR_VS_DBSignals.Signal=PWR_VS_DBSignals
VP_PWR_VS_LPOM.Mode=PowerOptimisation
VP_PWR_VS_LPOM.Signal=PWR_VS_LPOM
VP_PWR_VS_SECSignals.Mode=Security/Privilege
VP_PWR_VS_SECSignals.Signal=PWR_VS_SECSignals
VP_SYS_VS_tim1.Mode=TIM1
VP_SYS_VS_tim1.Signal=SYS_VS_tim1
VP_THREADX_VS_RTOSJjThreadXJjCoreJjDefault.Mode=Core_Default
VP_THREADX_VS_RTOSJjThreadXJjCoreJjDefault.Signal=THREADX_VS_RTOSJjThreadXJjCoreJjDefault
VP_THREADX_VS_RTOSJjThreadXJjPerformance_InfoJjDefault.Mode=Performance_Default
VP_THREADX_VS_RTOSJjThreadXJjPerformance_InfoJjDefault.Signal=THREADX_VS_RTOSJjThreadXJjPerformance_InfoJjDefault
VP_THREADX_VS_RTOSJjThreadXJjTraceX_SupportJjDefault.Mode=TraceX_Support_Default
VP_THREADX_VS_RTOSJjThreadXJjTraceX_SupportJjDefault.Signal=THREADX_VS_RTOSJjThreadXJjTraceX_SupportJjDefault
board=custom
